
Microsoft Visual Studio Solution File, Format Version 12.00
# Visual Studio Version 16
VisualStudioVersion = 16.0.30717.126
MinimumVisualStudioVersion = 10.0.40219.1
Project("{FAE04EC0-301F-11D3-BF4B-00C04F79EFBC}") = "forloop_prac", "forloop_prac\forloop_prac.csproj", "{55AF76A4-997F-470F-98E6-57E2D540CF99}"
EndProject
Global
	GlobalSection(SolutionConfigurationPlatforms) = preSolution
		Debug|Any CPU = Debug|Any CPU
		Release|Any CPU = Release|Any CPU
	EndGlobalSection
	GlobalSection(ProjectConfigurationPlatforms) = postSolution
		{55AF76A4-997F-470F-98E6-57E2D540CF99}.Debug|Any CPU.ActiveCfg = Debug|Any CPU
		{55AF76A4-997F-470F-98E6-57E2D540CF99}.Debug|Any CPU.Build.0 = Debug|Any CPU
		{55AF76A4-997F-470F-98E6-57E2D540CF99}.Release|Any CPU.ActiveCfg = Release|Any CPU
		{55AF76A4-997F-470F-98E6-57E2D540CF99}.Release|Any CPU.Build.0 = Release|Any CPU
	EndGlobalSection
	GlobalSection(SolutionProperties) = preSolution
		HideSolutionNode = FALSE
	EndGlobalSection
	GlobalSection(ExtensibilityGlobals) = postSolution
		SolutionGuid = {706EBA98-1D12-4345-9AE9-44983F492D0F}
	EndGlobalSection
EndGlobal
